
Microsoft Visual Studio Solution File, Format Version 12.00
# Visual Studio Version 17
VisualStudioVersion = 17.13.35825.156 d17.13
MinimumVisualStudioVersion = 10.0.40219.1
Project("{FAE04EC0-301F-11D3-BF4B-00C04F79EFBC}") = "DataStructrue", "DataStructrue\DataStructrue.csproj", "{4F366516-E024-41D8-82B2-A04530E42B54}"
EndProject
Global
	GlobalSection(SolutionConfigurationPlatforms) = preSolution
		Debug|Any CPU = Debug|Any CPU
		Release|Any CPU = Release|Any CPU
	EndGlobalSection
	GlobalSection(ProjectConfigurationPlatforms) = postSolution
		{4F366516-E024-41D8-82B2-A04530E42B54}.Debug|Any CPU.ActiveCfg = Debug|Any CPU
		{4F366516-E024-41D8-82B2-A04530E42B54}.Debug|Any CPU.Build.0 = Debug|Any CPU
		{4F366516-E024-41D8-82B2-A04530E42B54}.Release|Any CPU.ActiveCfg = Release|Any CPU
		{4F366516-E024-41D8-82B2-A04530E42B54}.Release|Any CPU.Build.0 = Release|Any CPU
	EndGlobalSection
	GlobalSection(SolutionProperties) = preSolution
		HideSolutionNode = FALSE
	EndGlobalSection
	GlobalSection(ExtensibilityGlobals) = postSolution
		SolutionGuid = {E6A3EB28-8D99-4F0F-81C7-1CB1D8596D1D}
	EndGlobalSection
EndGlobal
